
Microsoft Visual Studio Solution File, Format Version 12.00
Project("{FAE04EC0-301F-11D3-BF4B-00C04F79EFBC}") = "Confluent", "Confluent.csproj", "{759AB17C-8E30-4528-9E5D-F2D2516F4FA9}"
EndProject
Global
	GlobalSection(SolutionConfigurationPlatforms) = preSolution
		Debug|Any CPU = Debug|Any CPU
		Release|Any CPU = Release|Any CPU
	EndGlobalSection
	GlobalSection(ProjectConfigurationPlatforms) = postSolution
		{759AB17C-8E30-4528-9E5D-F2D2516F4FA9}.Debug|Any CPU.ActiveCfg = Debug|Any CPU
		{759AB17C-8E30-4528-9E5D-F2D2516F4FA9}.Debug|Any CPU.Build.0 = Debug|Any CPU
		{759AB17C-8E30-4528-9E5D-F2D2516F4FA9}.Release|Any CPU.ActiveCfg = Release|Any CPU
		{759AB17C-8E30-4528-9E5D-F2D2516F4FA9}.Release|Any CPU.Build.0 = Release|Any CPU
	EndGlobalSection
EndGlobal
